// !$*UTF8*$!
{
	archiveVersion = 1;
	classes = {
	};
	objectVersion = 56;
	objects = {

/* Begin PBXBuildFile section */
		987C7E5B2A3EE4BB00778CEA /* FMDatabaseQueue.m in Sources */ = {isa = PBXBuildFile; fileRef = 987C7E522A3EE4BB00778CEA /* FMDatabaseQueue.m */; };
		987C7E5C2A3EE4BB00778CEA /* FMDatabaseAdditions.m in Sources */ = {isa = PBXBuildFile; fileRef = 987C7E532A3EE4BB00778CEA /* FMDatabaseAdditions.m */; };
		987C7E5D2A3EE4BB00778CEA /* FMDatabase.m in Sources */ = {isa = PBXBuildFile; fileRef = 987C7E552A3EE4BB00778CEA /* FMDatabase.m */; };
		987C7E5E2A3EE4BB00778CEA /* FMDatabasePool.m in Sources */ = {isa = PBXBuildFile; fileRef = 987C7E562A3EE4BB00778CEA /* FMDatabasePool.m */; };
		987C7E5F2A3EE4BB00778CEA /* FMResultSet.m in Sources */ = {isa = PBXBuildFile; fileRef = 987C7E572A3EE4BB00778CEA /* FMResultSet.m */; };
		98B447562A3B98BF00D6CF60 /* SearchViewController.swift in Sources */ = {isa = PBXBuildFile; fileRef = 98B447552A3B98BF00D6CF60 /* SearchViewController.swift */; };
		98B447582A3C4DF700D6CF60 /* DataBaseFunc.swift in Sources */ = {isa = PBXBuildFile; fileRef = 98B447572A3C4DF700D6CF60 /* DataBaseFunc.swift */; };
		98B447772A3C614C00D6CF60 /* DataBaseModel.swift in Sources */ = {isa = PBXBuildFile; fileRef = 98B447762A3C614C00D6CF60 /* DataBaseModel.swift */; };
		98B4477B2A3D751000D6CF60 /* RecordCollectionViewCell.swift in Sources */ = {isa = PBXBuildFile; fileRef = 98B4477A2A3D751000D6CF60 /* RecordCollectionViewCell.swift */; };
		98E441B52A3ACC7400829BDF /* AppDelegate.swift in Sources */ = {isa = PBXBuildFile; fileRef = 98E441B42A3ACC7400829BDF /* AppDelegate.swift */; };
		98E441B72A3ACC7400829BDF /* SceneDelegate.swift in Sources */ = {isa = PBXBuildFile; fileRef = 98E441B62A3ACC7400829BDF /* SceneDelegate.swift */; };
		98E441BC2A3ACC7400829BDF /* Main.storyboard in Resources */ = {isa = PBXBuildFile; fileRef = 98E441BA2A3ACC7400829BDF /* Main.storyboard */; };
		98E441BE2A3ACC7600829BDF /* Assets.xcassets in Resources */ = {isa = PBXBuildFile; fileRef = 98E441BD2A3ACC7600829BDF /* Assets.xcassets */; };
		98E441C12A3ACC7600829BDF /* LaunchScreen.storyboard in Resources */ = {isa = PBXBuildFile; fileRef = 98E441BF2A3ACC7600829BDF /* LaunchScreen.storyboard */; };
		98E441CC2A3ACC7600829BDF /* FinalTests.swift in Sources */ = {isa = PBXBuildFile; fileRef = 98E441CB2A3ACC7600829BDF /* FinalTests.swift */; };
		98E441D62A3ACC7600829BDF /* FinalUITests.swift in Sources */ = {isa = PBXBuildFile; fileRef = 98E441D52A3ACC7600829BDF /* FinalUITests.swift */; };
		98E441D82A3ACC7600829BDF /* FinalUITestsLaunchTests.swift in Sources */ = {isa = PBXBuildFile; fileRef = 98E441D72A3ACC7600829BDF /* FinalUITestsLaunchTests.swift */; };
		98E441EA2A3ADC0F00829BDF /* CurrencyViewController.swift in Sources */ = {isa = PBXBuildFile; fileRef = 98E441E92A3ADC0F00829BDF /* CurrencyViewController.swift */; };
		98E441EC2A3ADC6200829BDF /* RecordViewController.swift in Sources */ = {isa = PBXBuildFile; fileRef = 98E441EB2A3ADC6200829BDF /* RecordViewController.swift */; };
		98E441F02A3ADFDE00829BDF /* TabBarController.swift in Sources */ = {isa = PBXBuildFile; fileRef = 98E441EF2A3ADFDE00829BDF /* TabBarController.swift */; };
		98E441F22A3AEAD500829BDF /* CurrencyInfo.swift in Sources */ = {isa = PBXBuildFile; fileRef = 98E441F12A3AEAD500829BDF /* CurrencyInfo.swift */; };
/* End PBXBuildFile section */

/* Begin PBXContainerItemProxy section */
		98E441C82A3ACC7600829BDF /* PBXContainerItemProxy */ = {
			isa = PBXContainerItemProxy;
			containerPortal = 98E441A92A3ACC7300829BDF /* Project object */;
			proxyType = 1;
			remoteGlobalIDString = 98E441B02A3ACC7400829BDF;
			remoteInfo = Final;
		};
		98E441D22A3ACC7600829BDF /* PBXContainerItemProxy */ = {
			isa = PBXContainerItemProxy;
			containerPortal = 98E441A92A3ACC7300829BDF /* Project object */;
			proxyType = 1;
			remoteGlobalIDString = 98E441B02A3ACC7400829BDF;
			remoteInfo = Final;
		};
/* End PBXContainerItemProxy section */

/* Begin PBXFileReference section */
		987C7E502A3EE4BB00778CEA /* FMDatabasePool.h */ = {isa = PBXFileReference; fileEncoding = 4; lastKnownFileType = sourcecode.c.h; path = FMDatabasePool.h; sourceTree = "<group>"; };
		987C7E512A3EE4BB00778CEA /* FMDatabaseAdditions.h */ = {isa = PBXFileReference; fileEncoding = 4; lastKnownFileType = sourcecode.c.h; path = FMDatabaseAdditions.h; sourceTree = "<group>"; };
		987C7E522A3EE4BB00778CEA /* FMDatabaseQueue.m */ = {isa = PBXFileReference; fileEncoding = 4; lastKnownFileType = sourcecode.c.objc; path = FMDatabaseQueue.m; sourceTree = "<group>"; };
		987C7E532A3EE4BB00778CEA /* FMDatabaseAdditions.m */ = {isa = PBXFileReference; fileEncoding = 4; lastKnownFileType = sourcecode.c.objc; path = FMDatabaseAdditions.m; sourceTree = "<group>"; };
		987C7E542A3EE4BB00778CEA /* FMResultSet.h */ = {isa = PBXFileReference; fileEncoding = 4; lastKnownFileType = sourcecode.c.h; path = FMResultSet.h; sourceTree = "<group>"; };
		987C7E552A3EE4BB00778CEA /* FMDatabase.m */ = {isa = PBXFileReference; fileEncoding = 4; lastKnownFileType = sourcecode.c.objc; path = FMDatabase.m; sourceTree = "<group>"; };
		987C7E562A3EE4BB00778CEA /* FMDatabasePool.m */ = {isa = PBXFileReference; fileEncoding = 4; lastKnownFileType = sourcecode.c.objc; path = FMDatabasePool.m; sourceTree = "<group>"; };
		987C7E572A3EE4BB00778CEA /* FMResultSet.m */ = {isa = PBXFileReference; fileEncoding = 4; lastKnownFileType = sourcecode.c.objc; path = FMResultSet.m; sourceTree = "<group>"; };
		987C7E582A3EE4BB00778CEA /* FMDB.h */ = {isa = PBXFileReference; fileEncoding = 4; lastKnownFileType = sourcecode.c.h; path = FMDB.h; sourceTree = "<group>"; };
		987C7E592A3EE4BB00778CEA /* FMDatabase.h */ = {isa = PBXFileReference; fileEncoding = 4; lastKnownFileType = sourcecode.c.h; path = FMDatabase.h; sourceTree = "<group>"; };
		987C7E5A2A3EE4BB00778CEA /* FMDatabaseQueue.h */ = {isa = PBXFileReference; fileEncoding = 4; lastKnownFileType = sourcecode.c.h; path = FMDatabaseQueue.h; sourceTree = "<group>"; };
		98B447552A3B98BF00D6CF60 /* SearchViewController.swift */ = {isa = PBXFileReference; lastKnownFileType = sourcecode.swift; path = SearchViewController.swift; sourceTree = "<group>"; };
		98B447572A3C4DF700D6CF60 /* DataBaseFunc.swift */ = {isa = PBXFileReference; lastKnownFileType = sourcecode.swift; path = DataBaseFunc.swift; sourceTree = "<group>"; };
		98B447762A3C614C00D6CF60 /* DataBaseModel.swift */ = {isa = PBXFileReference; lastKnownFileType = sourcecode.swift; path = DataBaseModel.swift; sourceTree = "<group>"; };
		98B4477A2A3D751000D6CF60 /* RecordCollectionViewCell.swift */ = {isa = PBXFileReference; lastKnownFileType = sourcecode.swift; path = RecordCollectionViewCell.swift; sourceTree = "<group>"; };
		98E441B12A3ACC7400829BDF /* Final.app */ = {isa = PBXFileReference; explicitFileType = wrapper.application; includeInIndex = 0; path = Final.app; sourceTree = BUILT_PRODUCTS_DIR; };
		98E441B42A3ACC7400829BDF /* AppDelegate.swift */ = {isa = PBXFileReference; lastKnownFileType = sourcecode.swift; path = AppDelegate.swift; sourceTree = "<group>"; };
		98E441B62A3ACC7400829BDF /* SceneDelegate.swift */ = {isa = PBXFileReference; lastKnownFileType = sourcecode.swift; path = SceneDelegate.swift; sourceTree = "<group>"; };
		98E441BB2A3ACC7400829BDF /* Base */ = {isa = PBXFileReference; lastKnownFileType = file.storyboard; name = Base; path = Base.lproj/Main.storyboard; sourceTree = "<group>"; };
		98E441BD2A3ACC7600829BDF /* Assets.xcassets */ = {isa = PBXFileReference; lastKnownFileType = folder.assetcatalog; path = Assets.xcassets; sourceTree = "<group>"; };
		98E441C02A3ACC7600829BDF /* Base */ = {isa = PBXFileReference; lastKnownFileType = file.storyboard; name = Base; path = Base.lproj/LaunchScreen.storyboard; sourceTree = "<group>"; };
		98E441C22A3ACC7600829BDF /* Info.plist */ = {isa = PBXFileReference; lastKnownFileType = text.plist.xml; path = Info.plist; sourceTree = "<group>"; };
		98E441C72A3ACC7600829BDF /* FinalTests.xctest */ = {isa = PBXFileReference; explicitFileType = wrapper.cfbundle; includeInIndex = 0; path = FinalTests.xctest; sourceTree = BUILT_PRODUCTS_DIR; };
		98E441CB2A3ACC7600829BDF /* FinalTests.swift */ = {isa = PBXFileReference; lastKnownFileType = sourcecode.swift; path = FinalTests.swift; sourceTree = "<group>"; };
		98E441D12A3ACC7600829BDF /* FinalUITests.xctest */ = {isa = PBXFileReference; explicitFileType = wrapper.cfbundle; includeInIndex = 0; path = FinalUITests.xctest; sourceTree = BUILT_PRODUCTS_DIR; };
		98E441D52A3ACC7600829BDF /* FinalUITests.swift */ = {isa = PBXFileReference; lastKnownFileType = sourcecode.swift; path = FinalUITests.swift; sourceTree = "<group>"; };
		98E441D72A3ACC7600829BDF /* FinalUITestsLaunchTests.swift */ = {isa = PBXFileReference; lastKnownFileType = sourcecode.swift; path = FinalUITestsLaunchTests.swift; sourceTree = "<group>"; };
		98E441E92A3ADC0F00829BDF /* CurrencyViewController.swift */ = {isa = PBXFileReference; lastKnownFileType = sourcecode.swift; path = CurrencyViewController.swift; sourceTree = "<group>"; };
		98E441EB2A3ADC6200829BDF /* RecordViewController.swift */ = {isa = PBXFileReference; lastKnownFileType = sourcecode.swift; path = RecordViewController.swift; sourceTree = "<group>"; };
		98E441EF2A3ADFDE00829BDF /* TabBarController.swift */ = {isa = PBXFileReference; lastKnownFileType = sourcecode.swift; path = TabBarController.swift; sourceTree = "<group>"; };
		98E441F12A3AEAD500829BDF /* CurrencyInfo.swift */ = {isa = PBXFileReference; lastKnownFileType = sourcecode.swift; path = CurrencyInfo.swift; sourceTree = "<group>"; };
/* End PBXFileReference section */

/* Begin PBXFrameworksBuildPhase section */
		98E441AE2A3ACC7400829BDF /* Frameworks */ = {
			isa = PBXFrameworksBuildPhase;
			buildActionMask = 2147483647;
			files = (
			);
			runOnlyForDeploymentPostprocessing = 0;
		};
		98E441C42A3ACC7600829BDF /* Frameworks */ = {
			isa = PBXFrameworksBuildPhase;
			buildActionMask = 2147483647;
			files = (
			);
			runOnlyForDeploymentPostprocessing = 0;
		};
		98E441CE2A3ACC7600829BDF /* Frameworks */ = {
			isa = PBXFrameworksBuildPhase;
			buildActionMask = 2147483647;
			files = (
			);
			runOnlyForDeploymentPostprocessing = 0;
		};
/* End PBXFrameworksBuildPhase section */

/* Begin PBXGroup section */
		987C7E4F2A3EE49A00778CEA /* FMDB */ = {
			isa = PBXGroup;
			children = (
				987C7E592A3EE4BB00778CEA /* FMDatabase.h */,
				987C7E552A3EE4BB00778CEA /* FMDatabase.m */,
				987C7E512A3EE4BB00778CEA /* FMDatabaseAdditions.h */,
				987C7E532A3EE4BB00778CEA /* FMDatabaseAdditions.m */,
				987C7E502A3EE4BB00778CEA /* FMDatabasePool.h */,
				987C7E562A3EE4BB00778CEA /* FMDatabasePool.m */,
				987C7E5A2A3EE4BB00778CEA /* FMDatabaseQueue.h */,
				987C7E522A3EE4BB00778CEA /* FMDatabaseQueue.m */,
				987C7E582A3EE4BB00778CEA /* FMDB.h */,
				987C7E542A3EE4BB00778CEA /* FMResultSet.h */,
				987C7E572A3EE4BB00778CEA /* FMResultSet.m */,
			);
			name = FMDB;
			path = Cell/FMDB;
			sourceTree = "<group>";
		};
		98B4477C2A3D9ECF00D6CF60 /* Cell */ = {
			isa = PBXGroup;
			children = (
				98B4477A2A3D751000D6CF60 /* RecordCollectionViewCell.swift */,
			);
			path = Cell;
			sourceTree = "<group>";
		};
		98B9CFE32A3DF5C0001E8B98 /* DataBase */ = {
			isa = PBXGroup;
			children = (
				98B447572A3C4DF700D6CF60 /* DataBaseFunc.swift */,
				98B447762A3C614C00D6CF60 /* DataBaseModel.swift */,
			);
			path = DataBase;
			sourceTree = "<group>";
		};
		98E441A82A3ACC7300829BDF = {
			isa = PBXGroup;
			children = (
				98E441B32A3ACC7400829BDF /* Final */,
				98E441CA2A3ACC7600829BDF /* FinalTests */,
				98E441D42A3ACC7600829BDF /* FinalUITests */,
				98E441B22A3ACC7400829BDF /* Products */,
			);
			sourceTree = "<group>";
		};
		98E441B22A3ACC7400829BDF /* Products */ = {
			isa = PBXGroup;
			children = (
				98E441B12A3ACC7400829BDF /* Final.app */,
				98E441C72A3ACC7600829BDF /* FinalTests.xctest */,
				98E441D12A3ACC7600829BDF /* FinalUITests.xctest */,
			);
			name = Products;
			sourceTree = "<group>";
		};
		98E441B32A3ACC7400829BDF /* Final */ = {
			isa = PBXGroup;
			children = (
				98E441E42A3ADAE500829BDF /* Model */,
				98B9CFE32A3DF5C0001E8B98 /* DataBase */,
				98E441E52A3ADAEF00829BDF /* Controller */,
				98E441E62A3ADB1800829BDF /* View */,
				98B4477C2A3D9ECF00D6CF60 /* Cell */,
				987C7E4F2A3EE49A00778CEA /* FMDB */,
				98E441B62A3ACC7400829BDF /* SceneDelegate.swift */,
				98E441B42A3ACC7400829BDF /* AppDelegate.swift */,
				98E441BF2A3ACC7600829BDF /* LaunchScreen.storyboard */,
				98E441BD2A3ACC7600829BDF /* Assets.xcassets */,
				98E441C22A3ACC7600829BDF /* Info.plist */,
			);
			path = Final;
			sourceTree = "<group>";
		};
		98E441CA2A3ACC7600829BDF /* FinalTests */ = {
			isa = PBXGroup;
			children = (
				98E441CB2A3ACC7600829BDF /* FinalTests.swift */,
			);
			path = FinalTests;
			sourceTree = "<group>";
		};
		98E441D42A3ACC7600829BDF /* FinalUITests */ = {
			isa = PBXGroup;
			children = (
				98E441D52A3ACC7600829BDF /* FinalUITests.swift */,
				98E441D72A3ACC7600829BDF /* FinalUITestsLaunchTests.swift */,
			);
			path = FinalUITests;
			sourceTree = "<group>";
		};
		98E441E42A3ADAE500829BDF /* Model */ = {
			isa = PBXGroup;
			children = (
				98E441F12A3AEAD500829BDF /* CurrencyInfo.swift */,
			);
			path = Model;
			sourceTree = "<group>";
		};
		98E441E52A3ADAEF00829BDF /* Controller */ = {
			isa = PBXGroup;
			children = (
				98E441E92A3ADC0F00829BDF /* CurrencyViewController.swift */,
				98E441EB2A3ADC6200829BDF /* RecordViewController.swift */,
				98E441EF2A3ADFDE00829BDF /* TabBarController.swift */,
				98B447552A3B98BF00D6CF60 /* SearchViewController.swift */,
			);
			path = Controller;
			sourceTree = "<group>";
		};
		98E441E62A3ADB1800829BDF /* View */ = {
			isa = PBXGroup;
			children = (
				98E441BA2A3ACC7400829BDF /* Main.storyboard */,
			);
			path = View;
			sourceTree = "<group>";
		};
/* End PBXGroup section */

/* Begin PBXNativeTarget section */
		98E441B02A3ACC7400829BDF /* Final */ = {
			isa = PBXNativeTarget;
			buildConfigurationList = 98E441DB2A3ACC7600829BDF /* Build configuration list for PBXNativeTarget "Final" */;
			buildPhases = (
				98E441AD2A3ACC7400829BDF /* Sources */,
				98E441AE2A3ACC7400829BDF /* Frameworks */,
				98E441AF2A3ACC7400829BDF /* Resources */,
			);
			buildRules = (
			);
			dependencies = (
			);
			name = Final;
			productName = Final;
			productReference = 98E441B12A3ACC7400829BDF /* Final.app */;
			productType = "com.apple.product-type.application";
		};
		98E441C62A3ACC7600829BDF /* FinalTests */ = {
			isa = PBXNativeTarget;
			buildConfigurationList = 98E441DE2A3ACC7600829BDF /* Build configuration list for PBXNativeTarget "FinalTests" */;
			buildPhases = (
				98E441C32A3ACC7600829BDF /* Sources */,
				98E441C42A3ACC7600829BDF /* Frameworks */,
				98E441C52A3ACC7600829BDF /* Resources */,
			);
			buildRules = (
			);
			dependencies = (
				98E441C92A3ACC7600829BDF /* PBXTargetDependency */,
			);
			name = FinalTests;
			productName = FinalTests;
			productReference = 98E441C72A3ACC7600829BDF /* FinalTests.xctest */;
			productType = "com.apple.product-type.bundle.unit-test";
		};
		98E441D02A3ACC7600829BDF /* FinalUITests */ = {
			isa = PBXNativeTarget;
			buildConfigurationList = 98E441E12A3ACC7600829BDF /* Build configuration list for PBXNativeTarget "FinalUITests" */;
			buildPhases = (
				98E441CD2A3ACC7600829BDF /* Sources */,
				98E441CE2A3ACC7600829BDF /* Frameworks */,
				98E441CF2A3ACC7600829BDF /* Resources */,
			);
			buildRules = (
			);
			dependencies = (
				98E441D32A3ACC7600829BDF /* PBXTargetDependency */,
			);
			name = FinalUITests;
			productName = FinalUITests;
			productReference = 98E441D12A3ACC7600829BDF /* FinalUITests.xctest */;
			productType = "com.apple.product-type.bundle.ui-testing";
		};
/* End PBXNativeTarget section */

/* Begin PBXProject section */
		98E441A92A3ACC7300829BDF /* Project object */ = {
			isa = PBXProject;
			attributes = {
				BuildIndependentTargetsInParallel = 1;
				LastSwiftUpdateCheck = 1430;
				LastUpgradeCheck = 1430;
				TargetAttributes = {
					98E441B02A3ACC7400829BDF = {
						CreatedOnToolsVersion = 14.3.1;
						LastSwiftMigration = 1430;
					};
					98E441C62A3ACC7600829BDF = {
						CreatedOnToolsVersion = 14.3.1;
						TestTargetID = 98E441B02A3ACC7400829BDF;
					};
					98E441D02A3ACC7600829BDF = {
						CreatedOnToolsVersion = 14.3.1;
						TestTargetID = 98E441B02A3ACC7400829BDF;
					};
				};
			};
			buildConfigurationList = 98E441AC2A3ACC7300829BDF /* Build configuration list for PBXProject "Final" */;
			compatibilityVersion = "Xcode 14.0";
			developmentRegion = en;
			hasScannedForEncodings = 0;
			knownRegions = (
				en,
				Base,
			);
			mainGroup = 98E441A82A3ACC7300829BDF;
			productRefGroup = 98E441B22A3ACC7400829BDF /* Products */;
			projectDirPath = "";
			projectRoot = "";
			targets = (
				98E441B02A3ACC7400829BDF /* Final */,
				98E441C62A3ACC7600829BDF /* FinalTests */,
				98E441D02A3ACC7600829BDF /* FinalUITests */,
			);
		};
/* End PBXProject section */

/* Begin PBXResourcesBuildPhase section */
		98E441AF2A3ACC7400829BDF /* Resources */ = {
			isa = PBXResourcesBuildPhase;
			buildActionMask = 2147483647;
			files = (
				98E441C12A3ACC7600829BDF /* LaunchScreen.storyboard in Resources */,
				98E441BE2A3ACC7600829BDF /* Assets.xcassets in Resources */,
				98E441BC2A3ACC7400829BDF /* Main.storyboard in Resources */,
			);
			runOnlyForDeploymentPostprocessing = 0;
		};
		98E441C52A3ACC7600829BDF /* Resources */ = {
			isa = PBXResourcesBuildPhase;
			buildActionMask = 2147483647;
			files = (
			);
			runOnlyForDeploymentPostprocessing = 0;
		};
		98E441CF2A3ACC7600829BDF /* Resources */ = {
			isa = PBXResourcesBuildPhase;
			buildActionMask = 2147483647;
			files = (
			);
			runOnlyForDeploymentPostprocessing = 0;
		};
/* End PBXResourcesBuildPhase section */

/* Begin PBXSourcesBuildPhase section */
		98E441AD2A3ACC7400829BDF /* Sources */ = {
			isa = PBXSourcesBuildPhase;
			buildActionMask = 2147483647;
			files = (
				98E441F22A3AEAD500829BDF /* CurrencyInfo.swift in Sources */,
				98B447562A3B98BF00D6CF60 /* SearchViewController.swift in Sources */,
				987C7E5D2A3EE4BB00778CEA /* FMDatabase.m in Sources */,
				98E441EA2A3ADC0F00829BDF /* CurrencyViewController.swift in Sources */,
				98B447772A3C614C00D6CF60 /* DataBaseModel.swift in Sources */,
				98B4477B2A3D751000D6CF60 /* RecordCollectionViewCell.swift in Sources */,
				98E441EC2A3ADC6200829BDF /* RecordViewController.swift in Sources */,
				98E441B52A3ACC7400829BDF /* AppDelegate.swift in Sources */,
				98E441F02A3ADFDE00829BDF /* TabBarController.swift in Sources */,
				987C7E5F2A3EE4BB00778CEA /* FMResultSet.m in Sources */,
				987C7E5B2A3EE4BB00778CEA /* FMDatabaseQueue.m in Sources */,
				98B447582A3C4DF700D6CF60 /* DataBaseFunc.swift in Sources */,
				987C7E5E2A3EE4BB00778CEA /* FMDatabasePool.m in Sources */,
				98E441B72A3ACC7400829BDF /* SceneDelegate.swift in Sources */,
				987C7E5C2A3EE4BB00778CEA /* FMDatabaseAdditions.m in Sources */,
			);
			runOnlyForDeploymentPostprocessing = 0;
		};
		98E441C32A3ACC7600829BDF /* Sources */ = {
			isa = PBXSourcesBuildPhase;
			buildActionMask = 2147483647;
			files = (
				98E441CC2A3ACC7600829BDF /* FinalTests.swift in Sources */,
			);
			runOnlyForDeploymentPostprocessing = 0;
		};
		98E441CD2A3ACC7600829BDF /* Sources */ = {
			isa = PBXSourcesBuildPhase;
			buildActionMask = 2147483647;
			files = (
				98E441D62A3ACC7600829BDF /* FinalUITests.swift in Sources */,
				98E441D82A3ACC7600829BDF /* FinalUITestsLaunchTests.swift in Sources */,
			);
			runOnlyForDeploymentPostprocessing = 0;
		};
/* End PBXSourcesBuildPhase section */

/* Begin PBXTargetDependency section */
		98E441C92A3ACC7600829BDF /* PBXTargetDependency */ = {
			isa = PBXTargetDependency;
			target = 98E441B02A3ACC7400829BDF /* Final */;
			targetProxy = 98E441C82A3ACC7600829BDF /* PBXContainerItemProxy */;
		};
		98E441D32A3ACC7600829BDF /* PBXTargetDependency */ = {
			isa = PBXTargetDependency;
			target = 98E441B02A3ACC7400829BDF /* Final */;
			targetProxy = 98E441D22A3ACC7600829BDF /* PBXContainerItemProxy */;
		};
/* End PBXTargetDependency section */

/* Begin PBXVariantGroup section */
		98E441BA2A3ACC7400829BDF /* Main.storyboard */ = {
			isa = PBXVariantGroup;
			children = (
				98E441BB2A3ACC7400829BDF /* Base */,
			);
			name = Main.storyboard;
			sourceTree = "<group>";
		};
		98E441BF2A3ACC7600829BDF /* LaunchScreen.storyboard */ = {
			isa = PBXVariantGroup;
			children = (
				98E441C02A3ACC7600829BDF /* Base */,
			);
			name = LaunchScreen.storyboard;
			sourceTree = "<group>";
		};
/* End PBXVariantGroup section */

/* Begin XCBuildConfiguration section */
		98E441D92A3ACC7600829BDF /* Debug */ = {
			isa = XCBuildConfiguration;
			buildSettings = {
				ALWAYS_SEARCH_USER_PATHS = NO;
				CLANG_ANALYZER_NONNULL = YES;
				CLANG_ANALYZER_NUMBER_OBJECT_CONVERSION = YES_AGGRESSIVE;
				CLANG_CXX_LANGUAGE_STANDARD = "gnu++20";
				CLANG_ENABLE_MODULES = YES;
				CLANG_ENABLE_OBJC_ARC = YES;
				CLANG_ENABLE_OBJC_WEAK = YES;
				CLANG_WARN_BLOCK_CAPTURE_AUTORELEASING = YES;
				CLANG_WARN_BOOL_CONVERSION = YES;
				CLANG_WARN_COMMA = YES;
				CLANG_WARN_CONSTANT_CONVERSION = YES;
				CLANG_WARN_DEPRECATED_OBJC_IMPLEMENTATIONS = YES;
				CLANG_WARN_DIRECT_OBJC_ISA_USAGE = YES_ERROR;
				CLANG_WARN_DOCUMENTATION_COMMENTS = YES;
				CLANG_WARN_EMPTY_BODY = YES;
				CLANG_WARN_ENUM_CONVERSION = YES;
				CLANG_WARN_INFINITE_RECURSION = YES;
				CLANG_WARN_INT_CONVERSION = YES;
				CLANG_WARN_NON_LITERAL_NULL_CONVERSION = YES;
				CLANG_WARN_OBJC_IMPLICIT_RETAIN_SELF = YES;
				CLANG_WARN_OBJC_LITERAL_CONVERSION = YES;
				CLANG_WARN_OBJC_ROOT_CLASS = YES_ERROR;
				CLANG_WARN_QUOTED_INCLUDE_IN_FRAMEWORK_HEADER = YES;
				CLANG_WARN_RANGE_LOOP_ANALYSIS = YES;
				CLANG_WARN_STRICT_PROTOTYPES = YES;
				CLANG_WARN_SUSPICIOUS_MOVE = YES;
				CLANG_WARN_UNGUARDED_AVAILABILITY = YES_AGGRESSIVE;
				CLANG_WARN_UNREACHABLE_CODE = YES;
				CLANG_WARN__DUPLICATE_METHOD_MATCH = YES;
				COPY_PHASE_STRIP = NO;
				DEBUG_INFORMATION_FORMAT = dwarf;
				ENABLE_STRICT_OBJC_MSGSEND = YES;
				ENABLE_TESTABILITY = YES;
				GCC_C_LANGUAGE_STANDARD = gnu11;
				GCC_DYNAMIC_NO_PIC = NO;
				GCC_NO_COMMON_BLOCKS = YES;
				GCC_OPTIMIZATION_LEVEL = 0;
				GCC_PREPROCESSOR_DEFINITIONS = (
					"DEBUG=1",
					"$(inherited)",
				);
				GCC_WARN_64_TO_32_BIT_CONVERSION = YES;
				GCC_WARN_ABOUT_RETURN_TYPE = YES_ERROR;
				GCC_WARN_UNDECLARED_SELECTOR = YES;
				GCC_WARN_UNINITIALIZED_AUTOS = YES_AGGRESSIVE;
				GCC_WARN_UNUSED_FUNCTION = YES;
				GCC_WARN_UNUSED_VARIABLE = YES;
				IPHONEOS_DEPLOYMENT_TARGET = 16.4;
				MTL_ENABLE_DEBUG_INFO = INCLUDE_SOURCE;
				MTL_FAST_MATH = YES;
				ONLY_ACTIVE_ARCH = YES;
				SDKROOT = iphoneos;
				SWIFT_ACTIVE_COMPILATION_CONDITIONS = DEBUG;
				SWIFT_OPTIMIZATION_LEVEL = "-Onone";
			};
			name = Debug;
		};
		98E441DA2A3ACC7600829BDF /* Release */ = {
			isa = XCBuildConfiguration;
			buildSettings = {
				ALWAYS_SEARCH_USER_PATHS = NO;
				CLANG_ANALYZER_NONNULL = YES;
				CLANG_ANALYZER_NUMBER_OBJECT_CONVERSION = YES_AGGRESSIVE;
				CLANG_CXX_LANGUAGE_STANDARD = "gnu++20";
				CLANG_ENABLE_MODULES = YES;
				CLANG_ENABLE_OBJC_ARC = YES;
				CLANG_ENABLE_OBJC_WEAK = YES;
				CLANG_WARN_BLOCK_CAPTURE_AUTORELEASING = YES;
				CLANG_WARN_BOOL_CONVERSION = YES;
				CLANG_WARN_COMMA = YES;
				CLANG_WARN_CONSTANT_CONVERSION = YES;
				CLANG_WARN_DEPRECATED_OBJC_IMPLEMENTATIONS = YES;
				CLANG_WARN_DIRECT_OBJC_ISA_USAGE = YES_ERROR;
				CLANG_WARN_DOCUMENTATION_COMMENTS = YES;
				CLANG_WARN_EMPTY_BODY = YES;
				CLANG_WARN_ENUM_CONVERSION = YES;
				CLANG_WARN_INFINITE_RECURSION = YES;
				CLANG_WARN_INT_CONVERSION = YES;
				CLANG_WARN_NON_LITERAL_NULL_CONVERSION = YES;
				CLANG_WARN_OBJC_IMPLICIT_RETAIN_SELF = YES;
				CLANG_WARN_OBJC_LITERAL_CONVERSION = YES;
				CLANG_WARN_OBJC_ROOT_CLASS = YES_ERROR;
				CLANG_WARN_QUOTED_INCLUDE_IN_FRAMEWORK_HEADER = YES;
				CLANG_WARN_RANGE_LOOP_ANALYSIS = YES;
				CLANG_WARN_STRICT_PROTOTYPES = YES;
				CLANG_WARN_SUSPICIOUS_MOVE = YES;
				CLANG_WARN_UNGUARDED_AVAILABILITY = YES_AGGRESSIVE;
				CLANG_WARN_UNREACHABLE_CODE = YES;
				CLANG_WARN__DUPLICATE_METHOD_MATCH = YES;
				COPY_PHASE_STRIP = NO;
				DEBUG_INFORMATION_FORMAT = "dwarf-with-dsym";
				ENABLE_NS_ASSERTIONS = NO;
				ENABLE_STRICT_OBJC_MSGSEND = YES;
				GCC_C_LANGUAGE_STANDARD = gnu11;
				GCC_NO_COMMON_BLOCKS = YES;
				GCC_WARN_64_TO_32_BIT_CONVERSION = YES;
				GCC_WARN_ABOUT_RETURN_TYPE = YES_ERROR;
				GCC_WARN_UNDECLARED_SELECTOR = YES;
				GCC_WARN_UNINITIALIZED_AUTOS = YES_AGGRESSIVE;
				GCC_WARN_UNUSED_FUNCTION = YES;
				GCC_WARN_UNUSED_VARIABLE = YES;
				IPHONEOS_DEPLOYMENT_TARGET = 16.4;
				MTL_ENABLE_DEBUG_INFO = NO;
				MTL_FAST_MATH = YES;
				SDKROOT = iphoneos;
				SWIFT_COMPILATION_MODE = wholemodule;
				SWIFT_OPTIMIZATION_LEVEL = "-O";
				VALIDATE_PRODUCT = YES;
			};
			name = Release;
		};
		98E441DC2A3ACC7600829BDF /* Debug */ = {
			isa = XCBuildConfiguration;
			buildSettings = {
				ASSETCATALOG_COMPILER_APPICON_NAME = AppIcon;
				ASSETCATALOG_COMPILER_GLOBAL_ACCENT_COLOR_NAME = AccentColor;
				CLANG_ENABLE_MODULES = YES;
				CODE_SIGN_STYLE = Automatic;
				CURRENT_PROJECT_VERSION = 1;
				GENERATE_INFOPLIST_FILE = YES;
				INFOPLIST_FILE = Final/Info.plist;
				INFOPLIST_KEY_UIApplicationSupportsIndirectInputEvents = YES;
				INFOPLIST_KEY_UILaunchStoryboardName = LaunchScreen;
				INFOPLIST_KEY_UIMainStoryboardFile = Main;
				INFOPLIST_KEY_UISupportedInterfaceOrientations_iPad = "UIInterfaceOrientationPortrait UIInterfaceOrientationPortraitUpsideDown UIInterfaceOrientationLandscapeLeft UIInterfaceOrientationLandscapeRight";
				INFOPLIST_KEY_UISupportedInterfaceOrientations_iPhone = "UIInterfaceOrientationPortrait UIInterfaceOrientationLandscapeLeft UIInterfaceOrientationLandscapeRight";
				LD_RUNPATH_SEARCH_PATHS = (
					"$(inherited)",
					"@executable_path/Frameworks",
				);
				MARKETING_VERSION = 1.0;
				PRODUCT_BUNDLE_IDENTIFIER = com.yan.Final;
				PRODUCT_NAME = "$(TARGET_NAME)";
				SWIFT_EMIT_LOC_STRINGS = YES;
				SWIFT_OBJC_BRIDGING_HEADER = "Final/FMDB/Final-Bridging-Header.h";
				SWIFT_OPTIMIZATION_LEVEL = "-Onone";
				SWIFT_VERSION = 5.0;
				TARGETED_DEVICE_FAMILY = "1,2";
			};
			name = Debug;
		};
		98E441DD2A3ACC7600829BDF /* Release */ = {
			isa = XCBuildConfiguration;
			buildSettings = {
				ASSETCATALOG_COMPILER_APPICON_NAME = AppIcon;
				ASSETCATALOG_COMPILER_GLOBAL_ACCENT_COLOR_NAME = AccentColor;
				CLANG_ENABLE_MODULES = YES;
				CODE_SIGN_STYLE = Automatic;
				CURRENT_PROJECT_VERSION = 1;
				GENERATE_INFOPLIST_FILE = YES;
				INFOPLIST_FILE = Final/Info.plist;
				INFOPLIST_KEY_UIApplicationSupportsIndirectInputEvents = YES;
				INFOPLIST_KEY_UILaunchStoryboardName = LaunchScreen;
				INFOPLIST_KEY_UIMainStoryboardFile = Main;
				INFOPLIST_KEY_UISupportedInterfaceOrientations_iPad = "UIInterfaceOrientationPortrait UIInterfaceOrientationPortraitUpsideDown UIInterfaceOrientationLandscapeLeft UIInterfaceOrientationLandscapeRight";
				INFOPLIST_KEY_UISupportedInterfaceOrientations_iPhone = "UIInterfaceOrientationPortrait UIInterfaceOrientationLandscapeLeft UIInterfaceOrientationLandscapeRight";
				LD_RUNPATH_SEARCH_PATHS = (
					"$(inherited)",
					"@executable_path/Frameworks",
				);
				MARKETING_VERSION = 1.0;
				PRODUCT_BUNDLE_IDENTIFIER = com.yan.Final;
				PRODUCT_NAME = "$(TARGET_NAME)";
				SWIFT_EMIT_LOC_STRINGS = YES;
				SWIFT_OBJC_BRIDGING_HEADER = "Final/FMDB/Final-Bridging-Header.h";
				SWIFT_VERSION = 5.0;
				TARGETED_DEVICE_FAMILY = "1,2";
			};
			name = Release;
		};
		98E441DF2A3ACC7600829BDF /* Debug */ = {
			isa = XCBuildConfiguration;
			buildSettings = {
				ALWAYS_EMBED_SWIFT_STANDARD_LIBRARIES = YES;
				BUNDLE_LOADER = "$(TEST_HOST)";
				CODE_SIGN_STYLE = Automatic;
				CURRENT_PROJECT_VERSION = 1;
				GENERATE_INFOPLIST_FILE = YES;
				IPHONEOS_DEPLOYMENT_TARGET = 16.4;
				MARKETING_VERSION = 1.0;
				PRODUCT_BUNDLE_IDENTIFIER = com.yan.FinalTests;
				PRODUCT_NAME = "$(TARGET_NAME)";
				SWIFT_EMIT_LOC_STRINGS = NO;
				SWIFT_VERSION = 5.0;
				TARGETED_DEVICE_FAMILY = "1,2";
				TEST_HOST = "$(BUILT_PRODUCTS_DIR)/Final.app/$(BUNDLE_EXECUTABLE_FOLDER_PATH)/Final";
			};
			name = Debug;
		};
		98E441E02A3ACC7600829BDF /* Release */ = {
			isa = XCBuildConfiguration;
			buildSettings = {
				ALWAYS_EMBED_SWIFT_STANDARD_LIBRARIES = YES;
				BUNDLE_LOADER = "$(TEST_HOST)";
				CODE_SIGN_STYLE = Automatic;
				CURRENT_PROJECT_VERSION = 1;
				GENERATE_INFOPLIST_FILE = YES;
				IPHONEOS_DEPLOYMENT_TARGET = 16.4;
				MARKETING_VERSION = 1.0;
				PRODUCT_BUNDLE_IDENTIFIER = com.yan.FinalTests;
				PRODUCT_NAME = "$(TARGET_NAME)";
				SWIFT_EMIT_LOC_STRINGS = NO;
				SWIFT_VERSION = 5.0;
				TARGETED_DEVICE_FAMILY = "1,2";
				TEST_HOST = "$(BUILT_PRODUCTS_DIR)/Final.app/$(BUNDLE_EXECUTABLE_FOLDER_PATH)/Final";
			};
			name = Release;
		};
		98E441E22A3ACC7600829BDF /* Debug */ = {
			isa = XCBuildConfiguration;
			buildSettings = {
				ALWAYS_EMBED_SWIFT_STANDARD_LIBRARIES = YES;
				CODE_SIGN_STYLE = Automatic;
				CURRENT_PROJECT_VERSION = 1;
				GENERATE_INFOPLIST_FILE = YES;
				MARKETING_VERSION = 1.0;
				PRODUCT_BUNDLE_IDENTIFIER = com.yan.FinalUITests;
				PRODUCT_NAME = "$(TARGET_NAME)";
				SWIFT_EMIT_LOC_STRINGS = NO;
				SWIFT_VERSION = 5.0;
				TARGETED_DEVICE_FAMILY = "1,2";
				TEST_TARGET_NAME = Final;
			};
			name = Debug;
		};
		98E441E32A3ACC7600829BDF /* Release */ = {
			isa = XCBuildConfiguration;
			buildSettings = {
				ALWAYS_EMBED_SWIFT_STANDARD_LIBRARIES = YES;
				CODE_SIGN_STYLE = Automatic;
				CURRENT_PROJECT_VERSION = 1;
				GENERATE_INFOPLIST_FILE = YES;
				MARKETING_VERSION = 1.0;
				PRODUCT_BUNDLE_IDENTIFIER = com.yan.FinalUITests;
				PRODUCT_NAME = "$(TARGET_NAME)";
				SWIFT_EMIT_LOC_STRINGS = NO;
				SWIFT_VERSION = 5.0;
				TARGETED_DEVICE_FAMILY = "1,2";
				TEST_TARGET_NAME = Final;
			};
			name = Release;
		};
/* End XCBuildConfiguration section */

/* Begin XCConfigurationList section */
		98E441AC2A3ACC7300829BDF /* Build configuration list for PBXProject "Final" */ = {
			isa = XCConfigurationList;
			buildConfigurations = (
				98E441D92A3ACC7600829BDF /* Debug */,
				98E441DA2A3ACC7600829BDF /* Release */,
			);
			defaultConfigurationIsVisible = 0;
			defaultConfigurationName = Release;
		};
		98E441DB2A3ACC7600829BDF /* Build configuration list for PBXNativeTarget "Final" */ = {
			isa = XCConfigurationList;
			buildConfigurations = (
				98E441DC2A3ACC7600829BDF /* Debug */,
				98E441DD2A3ACC7600829BDF /* Release */,
			);
			defaultConfigurationIsVisible = 0;
			defaultConfigurationName = Release;
		};
		98E441DE2A3ACC7600829BDF /* Build configuration list for PBXNativeTarget "FinalTests" */ = {
			isa = XCConfigurationList;
			buildConfigurations = (
				98E441DF2A3ACC7600829BDF /* Debug */,
				98E441E02A3ACC7600829BDF /* Release */,
			);
			defaultConfigurationIsVisible = 0;
			defaultConfigurationName = Release;
		};
		98E441E12A3ACC7600829BDF /* Build configuration list for PBXNativeTarget "FinalUITests" */ = {
			isa = XCConfigurationList;
			buildConfigurations = (
				98E441E22A3ACC7600829BDF /* Debug */,
				98E441E32A3ACC7600829BDF /* Release */,
			);
			defaultConfigurationIsVisible = 0;
			defaultConfigurationName = Release;
		};
/* End XCConfigurationList section */
	};
	rootObject = 98E441A92A3ACC7300829BDF /* Project object */;
}
